// !$*UTF8*$!
{
	archiveVersion = 1;
	classes = {
	};
	objectVersion = 50;
	objects = {

/* Begin PBXBuildFile section */
		3905F59D2158C02F00B73861 /* AppDelegate.swift in Sources */ = {isa = PBXBuildFile; fileRef = 3905F59C2158C02F00B73861 /* AppDelegate.swift */; };
		3905F59F2158C02F00B73861 /* ViewController.swift in Sources */ = {isa = PBXBuildFile; fileRef = 3905F59E2158C02F00B73861 /* ViewController.swift */; };
		3905F5A22158C02F00B73861 /* Main.storyboard in Resources */ = {isa = PBXBuildFile; fileRef = 3905F5A02158C02F00B73861 /* Main.storyboard */; };
		3905F5A42158C03000B73861 /* Assets.xcassets in Resources */ = {isa = PBXBuildFile; fileRef = 3905F5A32158C03000B73861 /* Assets.xcassets */; };
		3905F5A72158C03000B73861 /* LaunchScreen.storyboard in Resources */ = {isa = PBXBuildFile; fileRef = 3905F5A52158C03000B73861 /* LaunchScreen.storyboard */; };
		3905F5B22158C03100B73861 /* TimeShowAppTests.swift in Sources */ = {isa = PBXBuildFile; fileRef = 3905F5B12158C03100B73861 /* TimeShowAppTests.swift */; };
		3905F5BD2158C03100B73861 /* TimeShowAppUITests.swift in Sources */ = {isa = PBXBuildFile; fileRef = 3905F5BC2158C03100B73861 /* TimeShowAppUITests.swift */; };
		3905F5CB2158CAB600B73861 /* 003.wav in Resources */ = {isa = PBXBuildFile; fileRef = 3905F5CA2158CAB500B73861 /* 003.wav */; };
		3905F5CD2158CBFA00B73861 /* 003.mp3 in Resources */ = {isa = PBXBuildFile; fileRef = 3905F5CC2158CBFA00B73861 /* 003.mp3 */; };
		E2FFA28704F9F3CF56110989 /* Pods_TimeShowApp.framework in Frameworks */ = {isa = PBXBuildFile; fileRef = 5C9A9B5743BBAF48C4D30DD1 /* Pods_TimeShowApp.framework */; };
/* End PBXBuildFile section */

/* Begin PBXContainerItemProxy section */
		3905F5AE2158C03100B73861 /* PBXContainerItemProxy */ = {
			isa = PBXContainerItemProxy;
			containerPortal = 3905F5912158C02F00B73861 /* Project object */;
			proxyType = 1;
			remoteGlobalIDString = 3905F5982158C02F00B73861;
			remoteInfo = TimeShowApp;
		};
		3905F5B92158C03100B73861 /* PBXContainerItemProxy */ = {
			isa = PBXContainerItemProxy;
			containerPortal = 3905F5912158C02F00B73861 /* Project object */;
			proxyType = 1;
			remoteGlobalIDString = 3905F5982158C02F00B73861;
			remoteInfo = TimeShowApp;
		};
/* End PBXContainerItemProxy section */

/* Begin PBXFileReference section */
		35AAD05296C76356D5DE0980 /* Pods-TimeShowApp.release.xcconfig */ = {isa = PBXFileReference; includeInIndex = 1; lastKnownFileType = text.xcconfig; name = "Pods-TimeShowApp.release.xcconfig"; path = "Pods/Target Support Files/Pods-TimeShowApp/Pods-TimeShowApp.release.xcconfig"; sourceTree = "<group>"; };
		3905F5992158C02F00B73861 /* TimeShowApp.app */ = {isa = PBXFileReference; explicitFileType = wrapper.application; includeInIndex = 0; path = TimeShowApp.app; sourceTree = BUILT_PRODUCTS_DIR; };
		3905F59C2158C02F00B73861 /* AppDelegate.swift */ = {isa = PBXFileReference; lastKnownFileType = sourcecode.swift; path = AppDelegate.swift; sourceTree = "<group>"; };
		3905F59E2158C02F00B73861 /* ViewController.swift */ = {isa = PBXFileReference; lastKnownFileType = sourcecode.swift; path = ViewController.swift; sourceTree = "<group>"; };
		3905F5A12158C02F00B73861 /* Base */ = {isa = PBXFileReference; lastKnownFileType = file.storyboard; name = Base; path = Base.lproj/Main.storyboard; sourceTree = "<group>"; };
		3905F5A32158C03000B73861 /* Assets.xcassets */ = {isa = PBXFileReference; lastKnownFileType = folder.assetcatalog; path = Assets.xcassets; sourceTree = "<group>"; };
		3905F5A62158C03000B73861 /* Base */ = {isa = PBXFileReference; lastKnownFileType = file.storyboard; name = Base; path = Base.lproj/LaunchScreen.storyboard; sourceTree = "<group>"; };
		3905F5A82158C03000B73861 /* Info.plist */ = {isa = PBXFileReference; lastKnownFileType = text.plist.xml; path = Info.plist; sourceTree = "<group>"; };
		3905F5AD2158C03100B73861 /* TimeShowAppTests.xctest */ = {isa = PBXFileReference; explicitFileType = wrapper.cfbundle; includeInIndex = 0; path = TimeShowAppTests.xctest; sourceTree = BUILT_PRODUCTS_DIR; };
		3905F5B12158C03100B73861 /* TimeShowAppTests.swift */ = {isa = PBXFileReference; lastKnownFileType = sourcecode.swift; path = TimeShowAppTests.swift; sourceTree = "<group>"; };
		3905F5B32158C03100B73861 /* Info.plist */ = {isa = PBXFileReference; lastKnownFileType = text.plist.xml; path = Info.plist; sourceTree = "<group>"; };
		3905F5B82158C03100B73861 /* TimeShowAppUITests.xctest */ = {isa = PBXFileReference; explicitFileType = wrapper.cfbundle; includeInIndex = 0; path = TimeShowAppUITests.xctest; sourceTree = BUILT_PRODUCTS_DIR; };
		3905F5BC2158C03100B73861 /* TimeShowAppUITests.swift */ = {isa = PBXFileReference; lastKnownFileType = sourcecode.swift; path = TimeShowAppUITests.swift; sourceTree = "<group>"; };
		3905F5BE2158C03100B73861 /* Info.plist */ = {isa = PBXFileReference; lastKnownFileType = text.plist.xml; path = Info.plist; sourceTree = "<group>"; };
		3905F5CA2158CAB500B73861 /* 003.wav */ = {isa = PBXFileReference; lastKnownFileType = audio.wav; name = 003.wav; path = Assets.xcassets/003.wav; sourceTree = "<group>"; };
		3905F5CC2158CBFA00B73861 /* 003.mp3 */ = {isa = PBXFileReference; lastKnownFileType = audio.mp3; name = 003.mp3; path = Assets.xcassets/003.mp3; sourceTree = "<group>"; };
		5C9A9B5743BBAF48C4D30DD1 /* Pods_TimeShowApp.framework */ = {isa = PBXFileReference; explicitFileType = wrapper.framework; includeInIndex = 0; path = Pods_TimeShowApp.framework; sourceTree = BUILT_PRODUCTS_DIR; };
		6D80EED7ADC8AB52D3664E51 /* Pods-TimeShowApp.debug.xcconfig */ = {isa = PBXFileReference; includeInIndex = 1; lastKnownFileType = text.xcconfig; name = "Pods-TimeShowApp.debug.xcconfig"; path = "Pods/Target Support Files/Pods-TimeShowApp/Pods-TimeShowApp.debug.xcconfig"; sourceTree = "<group>"; };
/* End PBXFileReference section */

/* Begin PBXFrameworksBuildPhase section */
		3905F5962158C02F00B73861 /* Frameworks */ = {
			isa = PBXFrameworksBuildPhase;
			buildActionMask = 2147483647;
			files = (
				E2FFA28704F9F3CF56110989 /* Pods_TimeShowApp.framework in Frameworks */,
			);
			runOnlyForDeploymentPostprocessing = 0;
		};
		3905F5AA2158C03100B73861 /* Frameworks */ = {
			isa = PBXFrameworksBuildPhase;
			buildActionMask = 2147483647;
			files = (
			);
			runOnlyForDeploymentPostprocessing = 0;
		};
		3905F5B52158C03100B73861 /* Frameworks */ = {
			isa = PBXFrameworksBuildPhase;
			buildActionMask = 2147483647;
			files = (
			);
			runOnlyForDeploymentPostprocessing = 0;
		};
/* End PBXFrameworksBuildPhase section */

/* Begin PBXGroup section */
		3905F5902158C02F00B73861 = {
			isa = PBXGroup;
			children = (
				3905F59B2158C02F00B73861 /* TimeShowApp */,
				3905F5B02158C03100B73861 /* TimeShowAppTests */,
				3905F5BB2158C03100B73861 /* TimeShowAppUITests */,
				3905F59A2158C02F00B73861 /* Products */,
				B0D51C0D249B69CC2AA31251 /* Pods */,
				AF4954CB150B878EEF44153D /* Frameworks */,
			);
			sourceTree = "<group>";
		};
		3905F59A2158C02F00B73861 /* Products */ = {
			isa = PBXGroup;
			children = (
				3905F5992158C02F00B73861 /* TimeShowApp.app */,
				3905F5AD2158C03100B73861 /* TimeShowAppTests.xctest */,
				3905F5B82158C03100B73861 /* TimeShowAppUITests.xctest */,
			);
			name = Products;
			sourceTree = "<group>";
		};
		3905F59B2158C02F00B73861 /* TimeShowApp */ = {
			isa = PBXGroup;
			children = (
				3905F59C2158C02F00B73861 /* AppDelegate.swift */,
				3905F5CC2158CBFA00B73861 /* 003.mp3 */,
				3905F5CA2158CAB500B73861 /* 003.wav */,
				3905F59E2158C02F00B73861 /* ViewController.swift */,
				3905F5A02158C02F00B73861 /* Main.storyboard */,
				3905F5A32158C03000B73861 /* Assets.xcassets */,
				3905F5A52158C03000B73861 /* LaunchScreen.storyboard */,
				3905F5A82158C03000B73861 /* Info.plist */,
			);
			path = TimeShowApp;
			sourceTree = "<group>";
		};
		3905F5B02158C03100B73861 /* TimeShowAppTests */ = {
			isa = PBXGroup;
			children = (
				3905F5B12158C03100B73861 /* TimeShowAppTests.swift */,
				3905F5B32158C03100B73861 /* Info.plist */,
			);
			path = TimeShowAppTests;
			sourceTree = "<group>";
		};
		3905F5BB2158C03100B73861 /* TimeShowAppUITests */ = {
			isa = PBXGroup;
			children = (
				3905F5BC2158C03100B73861 /* TimeShowAppUITests.swift */,
				3905F5BE2158C03100B73861 /* Info.plist */,
			);
			path = TimeShowAppUITests;
			sourceTree = "<group>";
		};
		AF4954CB150B878EEF44153D /* Frameworks */ = {
			isa = PBXGroup;
			children = (
				5C9A9B5743BBAF48C4D30DD1 /* Pods_TimeShowApp.framework */,
			);
			name = Frameworks;
			sourceTree = "<group>";
		};
		B0D51C0D249B69CC2AA31251 /* Pods */ = {
			isa = PBXGroup;
			children = (
				6D80EED7ADC8AB52D3664E51 /* Pods-TimeShowApp.debug.xcconfig */,
				35AAD05296C76356D5DE0980 /* Pods-TimeShowApp.release.xcconfig */,
			);
			name = Pods;
			sourceTree = "<group>";
		};
/* End PBXGroup section */

/* Begin PBXNativeTarget section */
		3905F5982158C02F00B73861 /* TimeShowApp */ = {
			isa = PBXNativeTarget;
			buildConfigurationList = 3905F5C12158C03100B73861 /* Build configuration list for PBXNativeTarget "TimeShowApp" */;
			buildPhases = (
				120D02BB37FF047CEE829484 /* [CP] Check Pods Manifest.lock */,
				3905F5952158C02F00B73861 /* Sources */,
				3905F5962158C02F00B73861 /* Frameworks */,
				3905F5972158C02F00B73861 /* Resources */,
				C0A7BC235CF498C0F5C309C7 /* [CP] Embed Pods Frameworks */,
			);
			buildRules = (
			);
			dependencies = (
			);
			name = TimeShowApp;
			productName = TimeShowApp;
			productReference = 3905F5992158C02F00B73861 /* TimeShowApp.app */;
			productType = "com.apple.product-type.application";
		};
		3905F5AC2158C03100B73861 /* TimeShowAppTests */ = {
			isa = PBXNativeTarget;
			buildConfigurationList = 3905F5C42158C03100B73861 /* Build configuration list for PBXNativeTarget "TimeShowAppTests" */;
			buildPhases = (
				3905F5A92158C03100B73861 /* Sources */,
				3905F5AA2158C03100B73861 /* Frameworks */,
				3905F5AB2158C03100B73861 /* Resources */,
			);
			buildRules = (
			);
			dependencies = (
				3905F5AF2158C03100B73861 /* PBXTargetDependency */,
			);
			name = TimeShowAppTests;
			productName = TimeShowAppTests;
			productReference = 3905F5AD2158C03100B73861 /* TimeShowAppTests.xctest */;
			productType = "com.apple.product-type.bundle.unit-test";
		};
		3905F5B72158C03100B73861 /* TimeShowAppUITests */ = {
			isa = PBXNativeTarget;
			buildConfigurationList = 3905F5C72158C03100B73861 /* Build configuration list for PBXNativeTarget "TimeShowAppUITests" */;
			buildPhases = (
				3905F5B42158C03100B73861 /* Sources */,
				3905F5B52158C03100B73861 /* Frameworks */,
				3905F5B62158C03100B73861 /* Resources */,
			);
			buildRules = (
			);
			dependencies = (
				3905F5BA2158C03100B73861 /* PBXTargetDependency */,
			);
			name = TimeShowAppUITests;
			productName = TimeShowAppUITests;
			productReference = 3905F5B82158C03100B73861 /* TimeShowAppUITests.xctest */;
			productType = "com.apple.product-type.bundle.ui-testing";
		};
/* End PBXNativeTarget section */

/* Begin PBXProject section */
		3905F5912158C02F00B73861 /* Project object */ = {
			isa = PBXProject;
			attributes = {
				LastSwiftUpdateCheck = 1000;
				LastUpgradeCheck = 1000;
				ORGANIZATIONNAME = "Kousaku Namikawa";
				TargetAttributes = {
					3905F5982158C02F00B73861 = {
						CreatedOnToolsVersion = 10.0;
					};
					3905F5AC2158C03100B73861 = {
						CreatedOnToolsVersion = 10.0;
						TestTargetID = 3905F5982158C02F00B73861;
					};
					3905F5B72158C03100B73861 = {
						CreatedOnToolsVersion = 10.0;
						TestTargetID = 3905F5982158C02F00B73861;
					};
				};
			};
			buildConfigurationList = 3905F5942158C02F00B73861 /* Build configuration list for PBXProject "TimeShowApp" */;
			compatibilityVersion = "Xcode 9.3";
			developmentRegion = en;
			hasScannedForEncodings = 0;
			knownRegions = (
				en,
				Base,
			);
			mainGroup = 3905F5902158C02F00B73861;
			productRefGroup = 3905F59A2158C02F00B73861 /* Products */;
			projectDirPath = "";
			projectRoot = "";
			targets = (
				3905F5982158C02F00B73861 /* TimeShowApp */,
				3905F5AC2158C03100B73861 /* TimeShowAppTests */,
				3905F5B72158C03100B73861 /* TimeShowAppUITests */,
			);
		};
/* End PBXProject section */

/* Begin PBXResourcesBuildPhase section */
		3905F5972158C02F00B73861 /* Resources */ = {
			isa = PBXResourcesBuildPhase;
			buildActionMask = 2147483647;
			files = (
				3905F5A72158C03000B73861 /* LaunchScreen.storyboard in Resources */,
				3905F5A42158C03000B73861 /* Assets.xcassets in Resources */,
				3905F5CD2158CBFA00B73861 /* 003.mp3 in Resources */,
				3905F5CB2158CAB600B73861 /* 003.wav in Resources */,
				3905F5A22158C02F00B73861 /* Main.storyboard in Resources */,
			);
			runOnlyForDeploymentPostprocessing = 0;
		};
		3905F5AB2158C03100B73861 /* Resources */ = {
			isa = PBXResourcesBuildPhase;
			buildActionMask = 2147483647;
			files = (
			);
			runOnlyForDeploymentPostprocessing = 0;
		};
		3905F5B62158C03100B73861 /* Resources */ = {
			isa = PBXResourcesBuildPhase;
			buildActionMask = 2147483647;
			files = (
			);
			runOnlyForDeploymentPostprocessing = 0;
		};
/* End PBXResourcesBuildPhase section */

/* Begin PBXShellScriptBuildPhase section */
		120D02BB37FF047CEE829484 /* [CP] Check Pods Manifest.lock */ = {
			isa = PBXShellScriptBuildPhase;
			buildActionMask = 2147483647;
			files = (
			);
			inputFileListPaths = (
			);
			inputPaths = (
				"${PODS_PODFILE_DIR_PATH}/Podfile.lock",
				"${PODS_ROOT}/Manifest.lock",
			);
			name = "[CP] Check Pods Manifest.lock";
			outputFileListPaths = (
			);
			outputPaths = (
				"$(DERIVED_FILE_DIR)/Pods-TimeShowApp-checkManifestLockResult.txt",
			);
			runOnlyForDeploymentPostprocessing = 0;
			shellPath = /bin/sh;
			shellScript = "diff \"${PODS_PODFILE_DIR_PATH}/Podfile.lock\" \"${PODS_ROOT}/Manifest.lock\" > /dev/null\nif [ $? != 0 ] ; then\n    # print error to STDERR\n    echo \"error: The sandbox is not in sync with the Podfile.lock. Run 'pod install' or update your CocoaPods installation.\" >&2\n    exit 1\nfi\n# This output is used by Xcode 'outputs' to avoid re-running this script phase.\necho \"SUCCESS\" > \"${SCRIPT_OUTPUT_FILE_0}\"\n";
			showEnvVarsInLog = 0;
		};
		C0A7BC235CF498C0F5C309C7 /* [CP] Embed Pods Frameworks */ = {
			isa = PBXShellScriptBuildPhase;
			buildActionMask = 2147483647;
			files = (
			);
			inputFileListPaths = (
			);
			inputPaths = (
				"${SRCROOT}/Pods/Target Support Files/Pods-TimeShowApp/Pods-TimeShowApp-frameworks.sh",
				"${PODS_ROOT}/AudioKit/iOS/AudioKitUI.framework",
			);
			name = "[CP] Embed Pods Frameworks";
			outputFileListPaths = (
			);
			outputPaths = (
				"${TARGET_BUILD_DIR}/${FRAMEWORKS_FOLDER_PATH}/AudioKitUI.framework",
			);
			runOnlyForDeploymentPostprocessing = 0;
			shellPath = /bin/sh;
			shellScript = "\"${SRCROOT}/Pods/Target Support Files/Pods-TimeShowApp/Pods-TimeShowApp-frameworks.sh\"\n";
			showEnvVarsInLog = 0;
		};
/* End PBXShellScriptBuildPhase section */

/* Begin PBXSourcesBuildPhase section */
		3905F5952158C02F00B73861 /* Sources */ = {
			isa = PBXSourcesBuildPhase;
			buildActionMask = 2147483647;
			files = (
				3905F59F2158C02F00B73861 /* ViewController.swift in Sources */,
				3905F59D2158C02F00B73861 /* AppDelegate.swift in Sources */,
			);
			runOnlyForDeploymentPostprocessing = 0;
		};
		3905F5A92158C03100B73861 /* Sources */ = {
			isa = PBXSourcesBuildPhase;
			buildActionMask = 2147483647;
			files = (
				3905F5B22158C03100B73861 /* TimeShowAppTests.swift in Sources */,
			);
			runOnlyForDeploymentPostprocessing = 0;
		};
		3905F5B42158C03100B73861 /* Sources */ = {
			isa = PBXSourcesBuildPhase;
			buildActionMask = 2147483647;
			files = (
				3905F5BD2158C03100B73861 /* TimeShowAppUITests.swift in Sources */,
			);
			runOnlyForDeploymentPostprocessing = 0;
		};
/* End PBXSourcesBuildPhase section */

/* Begin PBXTargetDependency section */
		3905F5AF2158C03100B73861 /* PBXTargetDependency */ = {
			isa = PBXTargetDependency;
			target = 3905F5982158C02F00B73861 /* TimeShowApp */;
			targetProxy = 3905F5AE2158C03100B73861 /* PBXContainerItemProxy */;
		};
		3905F5BA2158C03100B73861 /* PBXTargetDependency */ = {
			isa = PBXTargetDependency;
			target = 3905F5982158C02F00B73861 /* TimeShowApp */;
			targetProxy = 3905F5B92158C03100B73861 /* PBXContainerItemProxy */;
		};
/* End PBXTargetDependency section */

/* Begin PBXVariantGroup section */
		3905F5A02158C02F00B73861 /* Main.storyboard */ = {
			isa = PBXVariantGroup;
			children = (
				3905F5A12158C02F00B73861 /* Base */,
			);
			name = Main.storyboard;
			sourceTree = "<group>";
		};
		3905F5A52158C03000B73861 /* LaunchScreen.storyboard */ = {
			isa = PBXVariantGroup;
			children = (
				3905F5A62158C03000B73861 /* Base */,
			);
			name = LaunchScreen.storyboard;
			sourceTree = "<group>";
		};
/* End PBXVariantGroup section */

/* Begin XCBuildConfiguration section */
		3905F5BF2158C03100B73861 /* Debug */ = {
			isa = XCBuildConfiguration;
			buildSettings = {
				ALWAYS_SEARCH_USER_PATHS = NO;
				CLANG_ANALYZER_NONNULL = YES;
				CLANG_ANALYZER_NUMBER_OBJECT_CONVERSION = YES_AGGRESSIVE;
				CLANG_CXX_LANGUAGE_STANDARD = "gnu++14";
				CLANG_CXX_LIBRARY = "libc++";
				CLANG_ENABLE_MODULES = YES;
				CLANG_ENABLE_OBJC_ARC = YES;
				CLANG_ENABLE_OBJC_WEAK = YES;
				CLANG_WARN_BLOCK_CAPTURE_AUTORELEASING = YES;
				CLANG_WARN_BOOL_CONVERSION = YES;
				CLANG_WARN_COMMA = YES;
				CLANG_WARN_CONSTANT_CONVERSION = YES;
				CLANG_WARN_DEPRECATED_OBJC_IMPLEMENTATIONS = YES;
				CLANG_WARN_DIRECT_OBJC_ISA_USAGE = YES_ERROR;
				CLANG_WARN_DOCUMENTATION_COMMENTS = YES;
				CLANG_WARN_EMPTY_BODY = YES;
				CLANG_WARN_ENUM_CONVERSION = YES;
				CLANG_WARN_INFINITE_RECURSION = YES;
				CLANG_WARN_INT_CONVERSION = YES;
				CLANG_WARN_NON_LITERAL_NULL_CONVERSION = YES;
				CLANG_WARN_OBJC_IMPLICIT_RETAIN_SELF = YES;
				CLANG_WARN_OBJC_LITERAL_CONVERSION = YES;
				CLANG_WARN_OBJC_ROOT_CLASS = YES_ERROR;
				CLANG_WARN_RANGE_LOOP_ANALYSIS = YES;
				CLANG_WARN_STRICT_PROTOTYPES = YES;
				CLANG_WARN_SUSPICIOUS_MOVE = YES;
				CLANG_WARN_UNGUARDED_AVAILABILITY = YES_AGGRESSIVE;
				CLANG_WARN_UNREACHABLE_CODE = YES;
				CLANG_WARN__DUPLICATE_METHOD_MATCH = YES;
				CODE_SIGN_IDENTITY = "iPhone Developer";
				COPY_PHASE_STRIP = NO;
				DEBUG_INFORMATION_FORMAT = dwarf;
				ENABLE_STRICT_OBJC_MSGSEND = YES;
				ENABLE_TESTABILITY = YES;
				GCC_C_LANGUAGE_STANDARD = gnu11;
				GCC_DYNAMIC_NO_PIC = NO;
				GCC_NO_COMMON_BLOCKS = YES;
				GCC_OPTIMIZATION_LEVEL = 0;
				GCC_PREPROCESSOR_DEFINITIONS = (
					"DEBUG=1",
					"$(inherited)",
				);
				GCC_WARN_64_TO_32_BIT_CONVERSION = YES;
				GCC_WARN_ABOUT_RETURN_TYPE = YES_ERROR;
				GCC_WARN_UNDECLARED_SELECTOR = YES;
				GCC_WARN_UNINITIALIZED_AUTOS = YES_AGGRESSIVE;
				GCC_WARN_UNUSED_FUNCTION = YES;
				GCC_WARN_UNUSED_VARIABLE = YES;
				IPHONEOS_DEPLOYMENT_TARGET = 12.0;
				MTL_ENABLE_DEBUG_INFO = INCLUDE_SOURCE;
				MTL_FAST_MATH = YES;
				ONLY_ACTIVE_ARCH = YES;
				SDKROOT = iphoneos;
				SWIFT_ACTIVE_COMPILATION_CONDITIONS = DEBUG;
				SWIFT_OPTIMIZATION_LEVEL = "-Onone";
			};
			name = Debug;
		};
		3905F5C02158C03100B73861 /* Release */ = {
			isa = XCBuildConfiguration;
			buildSettings = {
				ALWAYS_SEARCH_USER_PATHS = NO;
				CLANG_ANALYZER_NONNULL = YES;
				CLANG_ANALYZER_NUMBER_OBJECT_CONVERSION = YES_AGGRESSIVE;
				CLANG_CXX_LANGUAGE_STANDARD = "gnu++14";
				CLANG_CXX_LIBRARY = "libc++";
				CLANG_ENABLE_MODULES = YES;
				CLANG_ENABLE_OBJC_ARC = YES;
				CLANG_ENABLE_OBJC_WEAK = YES;
				CLANG_WARN_BLOCK_CAPTURE_AUTORELEASING = YES;
				CLANG_WARN_BOOL_CONVERSION = YES;
				CLANG_WARN_COMMA = YES;
				CLANG_WARN_CONSTANT_CONVERSION = YES;
				CLANG_WARN_DEPRECATED_OBJC_IMPLEMENTATIONS = YES;
				CLANG_WARN_DIRECT_OBJC_ISA_USAGE = YES_ERROR;
				CLANG_WARN_DOCUMENTATION_COMMENTS = YES;
				CLANG_WARN_EMPTY_BODY = YES;
				CLANG_WARN_ENUM_CONVERSION = YES;
				CLANG_WARN_INFINITE_RECURSION = YES;
				CLANG_WARN_INT_CONVERSION = YES;
				CLANG_WARN_NON_LITERAL_NULL_CONVERSION = YES;
				CLANG_WARN_OBJC_IMPLICIT_RETAIN_SELF = YES;
				CLANG_WARN_OBJC_LITERAL_CONVERSION = YES;
				CLANG_WARN_OBJC_ROOT_CLASS = YES_ERROR;
				CLANG_WARN_RANGE_LOOP_ANALYSIS = YES;
				CLANG_WARN_STRICT_PROTOTYPES = YES;
				CLANG_WARN_SUSPICIOUS_MOVE = YES;
				CLANG_WARN_UNGUARDED_AVAILABILITY = YES_AGGRESSIVE;
				CLANG_WARN_UNREACHABLE_CODE = YES;
				CLANG_WARN__DUPLICATE_METHOD_MATCH = YES;
				CODE_SIGN_IDENTITY = "iPhone Developer";
				COPY_PHASE_STRIP = NO;
				DEBUG_INFORMATION_FORMAT = "dwarf-with-dsym";
				ENABLE_NS_ASSERTIONS = NO;
				ENABLE_STRICT_OBJC_MSGSEND = YES;
				GCC_C_LANGUAGE_STANDARD = gnu11;
				GCC_NO_COMMON_BLOCKS = YES;
				GCC_WARN_64_TO_32_BIT_CONVERSION = YES;
				GCC_WARN_ABOUT_RETURN_TYPE = YES_ERROR;
				GCC_WARN_UNDECLARED_SELECTOR = YES;
				GCC_WARN_UNINITIALIZED_AUTOS = YES_AGGRESSIVE;
				GCC_WARN_UNUSED_FUNCTION = YES;
				GCC_WARN_UNUSED_VARIABLE = YES;
				IPHONEOS_DEPLOYMENT_TARGET = 12.0;
				MTL_ENABLE_DEBUG_INFO = NO;
				MTL_FAST_MATH = YES;
				SDKROOT = iphoneos;
				SWIFT_COMPILATION_MODE = wholemodule;
				SWIFT_OPTIMIZATION_LEVEL = "-O";
				VALIDATE_PRODUCT = YES;
			};
			name = Release;
		};
		3905F5C22158C03100B73861 /* Debug */ = {
			isa = XCBuildConfiguration;
			baseConfigurationReference = 6D80EED7ADC8AB52D3664E51 /* Pods-TimeShowApp.debug.xcconfig */;
			buildSettings = {
				ASSETCATALOG_COMPILER_APPICON_NAME = AppIcon;
				CODE_SIGN_STYLE = Automatic;
				DEVELOPMENT_TEAM = X6SVW7C75C;
				INFOPLIST_FILE = TimeShowApp/Info.plist;
				IPHONEOS_DEPLOYMENT_TARGET = 12.0;
				LD_RUNPATH_SEARCH_PATHS = (
					"$(inherited)",
					"@executable_path/Frameworks",
				);
				PRODUCT_BUNDLE_IDENTIFIER = namikawa.TimeShowApp;
				PRODUCT_NAME = "$(TARGET_NAME)";
				SWIFT_VERSION = 4.2;
				TARGETED_DEVICE_FAMILY = "1,2";
			};
			name = Debug;
		};
		3905F5C32158C03100B73861 /* Release */ = {
			isa = XCBuildConfiguration;
			baseConfigurationReference = 35AAD05296C76356D5DE0980 /* Pods-TimeShowApp.release.xcconfig */;
			buildSettings = {
				ASSETCATALOG_COMPILER_APPICON_NAME = AppIcon;
				CODE_SIGN_STYLE = Automatic;
				DEVELOPMENT_TEAM = X6SVW7C75C;
				INFOPLIST_FILE = TimeShowApp/Info.plist;
				IPHONEOS_DEPLOYMENT_TARGET = 12.0;
				LD_RUNPATH_SEARCH_PATHS = (
					"$(inherited)",
					"@executable_path/Frameworks",
				);
				PRODUCT_BUNDLE_IDENTIFIER = namikawa.TimeShowApp;
				PRODUCT_NAME = "$(TARGET_NAME)";
				SWIFT_VERSION = 4.2;
				TARGETED_DEVICE_FAMILY = "1,2";
			};
			name = Release;
		};
		3905F5C52158C03100B73861 /* Debug */ = {
			isa = XCBuildConfiguration;
			buildSettings = {
				ALWAYS_EMBED_SWIFT_STANDARD_LIBRARIES = YES;
				BUNDLE_LOADER = "$(TEST_HOST)";
				CODE_SIGN_STYLE = Automatic;
				INFOPLIST_FILE = TimeShowAppTests/Info.plist;
				LD_RUNPATH_SEARCH_PATHS = (
					"$(inherited)",
					"@executable_path/Frameworks",
					"@loader_path/Frameworks",
				);
				PRODUCT_BUNDLE_IDENTIFIER = namikawa.TimeShowAppTests;
				PRODUCT_NAME = "$(TARGET_NAME)";
				SWIFT_VERSION = 4.2;
				TARGETED_DEVICE_FAMILY = "1,2";
				TEST_HOST = "$(BUILT_PRODUCTS_DIR)/TimeShowApp.app/TimeShowApp";
			};
			name = Debug;
		};
		3905F5C62158C03100B73861 /* Release */ = {
			isa = XCBuildConfiguration;
			buildSettings = {
				ALWAYS_EMBED_SWIFT_STANDARD_LIBRARIES = YES;
				BUNDLE_LOADER = "$(TEST_HOST)";
				CODE_SIGN_STYLE = Automatic;
				INFOPLIST_FILE = TimeShowAppTests/Info.plist;
				LD_RUNPATH_SEARCH_PATHS = (
					"$(inherited)",
					"@executable_path/Frameworks",
					"@loader_path/Frameworks",
				);
				PRODUCT_BUNDLE_IDENTIFIER = namikawa.TimeShowAppTests;
				PRODUCT_NAME = "$(TARGET_NAME)";
				SWIFT_VERSION = 4.2;
				TARGETED_DEVICE_FAMILY = "1,2";
				TEST_HOST = "$(BUILT_PRODUCTS_DIR)/TimeShowApp.app/TimeShowApp";
			};
			name = Release;
		};
		3905F5C82158C03100B73861 /* Debug */ = {
			isa = XCBuildConfiguration;
			buildSettings = {
				ALWAYS_EMBED_SWIFT_STANDARD_LIBRARIES = YES;
				CODE_SIGN_STYLE = Automatic;
				INFOPLIST_FILE = TimeShowAppUITests/Info.plist;
				LD_RUNPATH_SEARCH_PATHS = (
					"$(inherited)",
					"@executable_path/Frameworks",
					"@loader_path/Frameworks",
				);
				PRODUCT_BUNDLE_IDENTIFIER = namikawa.TimeShowAppUITests;
				PRODUCT_NAME = "$(TARGET_NAME)";
				SWIFT_VERSION = 4.2;
				TARGETED_DEVICE_FAMILY = "1,2";
				TEST_TARGET_NAME = TimeShowApp;
			};
			name = Debug;
		};
		3905F5C92158C03100B73861 /* Release */ = {
			isa = XCBuildConfiguration;
			buildSettings = {
				ALWAYS_EMBED_SWIFT_STANDARD_LIBRARIES = YES;
				CODE_SIGN_STYLE = Automatic;
				INFOPLIST_FILE = TimeShowAppUITests/Info.plist;
				LD_RUNPATH_SEARCH_PATHS = (
					"$(inherited)",
					"@executable_path/Frameworks",
					"@loader_path/Frameworks",
				);
				PRODUCT_BUNDLE_IDENTIFIER = namikawa.TimeShowAppUITests;
				PRODUCT_NAME = "$(TARGET_NAME)";
				SWIFT_VERSION = 4.2;
				TARGETED_DEVICE_FAMILY = "1,2";
				TEST_TARGET_NAME = TimeShowApp;
			};
			name = Release;
		};
/* End XCBuildConfiguration section */

/* Begin XCConfigurationList section */
		3905F5942158C02F00B73861 /* Build configuration list for PBXProject "TimeShowApp" */ = {
			isa = XCConfigurationList;
			buildConfigurations = (
				3905F5BF2158C03100B73861 /* Debug */,
				3905F5C02158C03100B73861 /* Release */,
			);
			defaultConfigurationIsVisible = 0;
			defaultConfigurationName = Release;
		};
		3905F5C12158C03100B73861 /* Build configuration list for PBXNativeTarget "TimeShowApp" */ = {
			isa = XCConfigurationList;
			buildConfigurations = (
				3905F5C22158C03100B73861 /* Debug */,
				3905F5C32158C03100B73861 /* Release */,
			);
			defaultConfigurationIsVisible = 0;
			defaultConfigurationName = Release;
		};
		3905F5C42158C03100B73861 /* Build configuration list for PBXNativeTarget "TimeShowAppTests" */ = {
			isa = XCConfigurationList;
			buildConfigurations = (
				3905F5C52158C03100B73861 /* Debug */,
				3905F5C62158C03100B73861 /* Release */,
			);
			defaultConfigurationIsVisible = 0;
			defaultConfigurationName = Release;
		};
		3905F5C72158C03100B73861 /* Build configuration list for PBXNativeTarget "TimeShowAppUITests" */ = {
			isa = XCConfigurationList;
			buildConfigurations = (
				3905F5C82158C03100B73861 /* Debug */,
				3905F5C92158C03100B73861 /* Release */,
			);
			defaultConfigurationIsVisible = 0;
			defaultConfigurationName = Release;
		};
/* End XCConfigurationList section */
	};
	rootObject = 3905F5912158C02F00B73861 /* Project object */;
}
